// !$*UTF8*$!
{
	archiveVersion = 1;
	classes = {
	};
	objectVersion = 50;
	objects = {

/* Begin PBXBuildFile section */
		446840F326074CEC00968812 /* AppDelegate.swift in Sources */ = {isa = PBXBuildFile; fileRef = 446840F226074CEC00968812 /* AppDelegate.swift */; };
		446840F526074CEC00968812 /* SceneDelegate.swift in Sources */ = {isa = PBXBuildFile; fileRef = 446840F426074CEC00968812 /* SceneDelegate.swift */; };
		446840F726074CEC00968812 /* ViewController.swift in Sources */ = {isa = PBXBuildFile; fileRef = 446840F626074CEC00968812 /* ViewController.swift */; };
		446840FA26074CEC00968812 /* Main.storyboard in Resources */ = {isa = PBXBuildFile; fileRef = 446840F826074CEC00968812 /* Main.storyboard */; };
		446840FC26074CED00968812 /* Assets.xcassets in Resources */ = {isa = PBXBuildFile; fileRef = 446840FB26074CED00968812 /* Assets.xcassets */; };
		446840FF26074CED00968812 /* LaunchScreen.storyboard in Resources */ = {isa = PBXBuildFile; fileRef = 446840FD26074CED00968812 /* LaunchScreen.storyboard */; };
		4468410A26074CED00968812 /* enumsTests.swift in Sources */ = {isa = PBXBuildFile; fileRef = 4468410926074CED00968812 /* enumsTests.swift */; };
		4468411526074CED00968812 /* enumsUITests.swift in Sources */ = {isa = PBXBuildFile; fileRef = 4468411426074CED00968812 /* enumsUITests.swift */; };
/* End PBXBuildFile section */

/* Begin PBXContainerItemProxy section */
		4468410626074CED00968812 /* PBXContainerItemProxy */ = {
			isa = PBXContainerItemProxy;
			containerPortal = 446840E726074CEC00968812 /* Project object */;
			proxyType = 1;
			remoteGlobalIDString = 446840EE26074CEC00968812;
			remoteInfo = enums;
		};
		4468411126074CED00968812 /* PBXContainerItemProxy */ = {
			isa = PBXContainerItemProxy;
			containerPortal = 446840E726074CEC00968812 /* Project object */;
			proxyType = 1;
			remoteGlobalIDString = 446840EE26074CEC00968812;
			remoteInfo = enums;
		};
/* End PBXContainerItemProxy section */

/* Begin PBXFileReference section */
		446840EF26074CEC00968812 /* enums.app */ = {isa = PBXFileReference; explicitFileType = wrapper.application; includeInIndex = 0; path = enums.app; sourceTree = BUILT_PRODUCTS_DIR; };
		446840F226074CEC00968812 /* AppDelegate.swift */ = {isa = PBXFileReference; lastKnownFileType = sourcecode.swift; path = AppDelegate.swift; sourceTree = "<group>"; };
		446840F426074CEC00968812 /* SceneDelegate.swift */ = {isa = PBXFileReference; lastKnownFileType = sourcecode.swift; path = SceneDelegate.swift; sourceTree = "<group>"; };
		446840F626074CEC00968812 /* ViewController.swift */ = {isa = PBXFileReference; lastKnownFileType = sourcecode.swift; path = ViewController.swift; sourceTree = "<group>"; };
		446840F926074CEC00968812 /* Base */ = {isa = PBXFileReference; lastKnownFileType = file.storyboard; name = Base; path = Base.lproj/Main.storyboard; sourceTree = "<group>"; };
		446840FB26074CED00968812 /* Assets.xcassets */ = {isa = PBXFileReference; lastKnownFileType = folder.assetcatalog; path = Assets.xcassets; sourceTree = "<group>"; };
		446840FE26074CED00968812 /* Base */ = {isa = PBXFileReference; lastKnownFileType = file.storyboard; name = Base; path = Base.lproj/LaunchScreen.storyboard; sourceTree = "<group>"; };
		4468410026074CED00968812 /* Info.plist */ = {isa = PBXFileReference; lastKnownFileType = text.plist.xml; path = Info.plist; sourceTree = "<group>"; };
		4468410526074CED00968812 /* enumsTests.xctest */ = {isa = PBXFileReference; explicitFileType = wrapper.cfbundle; includeInIndex = 0; path = enumsTests.xctest; sourceTree = BUILT_PRODUCTS_DIR; };
		4468410926074CED00968812 /* enumsTests.swift */ = {isa = PBXFileReference; lastKnownFileType = sourcecode.swift; path = enumsTests.swift; sourceTree = "<group>"; };
		4468410B26074CED00968812 /* Info.plist */ = {isa = PBXFileReference; lastKnownFileType = text.plist.xml; path = Info.plist; sourceTree = "<group>"; };
		4468411026074CED00968812 /* enumsUITests.xctest */ = {isa = PBXFileReference; explicitFileType = wrapper.cfbundle; includeInIndex = 0; path = enumsUITests.xctest; sourceTree = BUILT_PRODUCTS_DIR; };
		4468411426074CED00968812 /* enumsUITests.swift */ = {isa = PBXFileReference; lastKnownFileType = sourcecode.swift; path = enumsUITests.swift; sourceTree = "<group>"; };
		4468411626074CED00968812 /* Info.plist */ = {isa = PBXFileReference; lastKnownFileType = text.plist.xml; path = Info.plist; sourceTree = "<group>"; };
/* End PBXFileReference section */

/* Begin PBXFrameworksBuildPhase section */
		446840EC26074CEC00968812 /* Frameworks */ = {
			isa = PBXFrameworksBuildPhase;
			buildActionMask = 2147483647;
			files = (
			);
			runOnlyForDeploymentPostprocessing = 0;
		};
		4468410226074CED00968812 /* Frameworks */ = {
			isa = PBXFrameworksBuildPhase;
			buildActionMask = 2147483647;
			files = (
			);
			runOnlyForDeploymentPostprocessing = 0;
		};
		4468410D26074CED00968812 /* Frameworks */ = {
			isa = PBXFrameworksBuildPhase;
			buildActionMask = 2147483647;
			files = (
			);
			runOnlyForDeploymentPostprocessing = 0;
		};
/* End PBXFrameworksBuildPhase section */

/* Begin PBXGroup section */
		446840E626074CEC00968812 = {
			isa = PBXGroup;
			children = (
				446840F126074CEC00968812 /* enums */,
				4468410826074CED00968812 /* enumsTests */,
				4468411326074CED00968812 /* enumsUITests */,
				446840F026074CEC00968812 /* Products */,
			);
			sourceTree = "<group>";
		};
		446840F026074CEC00968812 /* Products */ = {
			isa = PBXGroup;
			children = (
				446840EF26074CEC00968812 /* enums.app */,
				4468410526074CED00968812 /* enumsTests.xctest */,
				4468411026074CED00968812 /* enumsUITests.xctest */,
			);
			name = Products;
			sourceTree = "<group>";
		};
		446840F126074CEC00968812 /* enums */ = {
			isa = PBXGroup;
			children = (
				446840F226074CEC00968812 /* AppDelegate.swift */,
				446840F426074CEC00968812 /* SceneDelegate.swift */,
				446840F626074CEC00968812 /* ViewController.swift */,
				446840F826074CEC00968812 /* Main.storyboard */,
				446840FB26074CED00968812 /* Assets.xcassets */,
				446840FD26074CED00968812 /* LaunchScreen.storyboard */,
				4468410026074CED00968812 /* Info.plist */,
			);
			path = enums;
			sourceTree = "<group>";
		};
		4468410826074CED00968812 /* enumsTests */ = {
			isa = PBXGroup;
			children = (
				4468410926074CED00968812 /* enumsTests.swift */,
				4468410B26074CED00968812 /* Info.plist */,
			);
			path = enumsTests;
			sourceTree = "<group>";
		};
		4468411326074CED00968812 /* enumsUITests */ = {
			isa = PBXGroup;
			children = (
				4468411426074CED00968812 /* enumsUITests.swift */,
				4468411626074CED00968812 /* Info.plist */,
			);
			path = enumsUITests;
			sourceTree = "<group>";
		};
/* End PBXGroup section */

/* Begin PBXNativeTarget section */
		446840EE26074CEC00968812 /* enums */ = {
			isa = PBXNativeTarget;
			buildConfigurationList = 4468411926074CED00968812 /* Build configuration list for PBXNativeTarget "enums" */;
			buildPhases = (
				446840EB26074CEC00968812 /* Sources */,
				446840EC26074CEC00968812 /* Frameworks */,
				446840ED26074CEC00968812 /* Resources */,
			);
			buildRules = (
			);
			dependencies = (
			);
			name = enums;
			productName = enums;
			productReference = 446840EF26074CEC00968812 /* enums.app */;
			productType = "com.apple.product-type.application";
		};
		4468410426074CED00968812 /* enumsTests */ = {
			isa = PBXNativeTarget;
			buildConfigurationList = 4468411C26074CED00968812 /* Build configuration list for PBXNativeTarget "enumsTests" */;
			buildPhases = (
				4468410126074CED00968812 /* Sources */,
				4468410226074CED00968812 /* Frameworks */,
				4468410326074CED00968812 /* Resources */,
			);
			buildRules = (
			);
			dependencies = (
				4468410726074CED00968812 /* PBXTargetDependency */,
			);
			name = enumsTests;
			productName = enumsTests;
			productReference = 4468410526074CED00968812 /* enumsTests.xctest */;
			productType = "com.apple.product-type.bundle.unit-test";
		};
		4468410F26074CED00968812 /* enumsUITests */ = {
			isa = PBXNativeTarget;
			buildConfigurationList = 4468411F26074CED00968812 /* Build configuration list for PBXNativeTarget "enumsUITests" */;
			buildPhases = (
				4468410C26074CED00968812 /* Sources */,
				4468410D26074CED00968812 /* Frameworks */,
				4468410E26074CED00968812 /* Resources */,
			);
			buildRules = (
			);
			dependencies = (
				4468411226074CED00968812 /* PBXTargetDependency */,
			);
			name = enumsUITests;
			productName = enumsUITests;
			productReference = 4468411026074CED00968812 /* enumsUITests.xctest */;
			productType = "com.apple.product-type.bundle.ui-testing";
		};
/* End PBXNativeTarget section */

/* Begin PBXProject section */
		446840E726074CEC00968812 /* Project object */ = {
			isa = PBXProject;
			attributes = {
				LastSwiftUpdateCheck = 1240;
				LastUpgradeCheck = 1240;
				TargetAttributes = {
					446840EE26074CEC00968812 = {
						CreatedOnToolsVersion = 12.4;
					};
					4468410426074CED00968812 = {
						CreatedOnToolsVersion = 12.4;
						TestTargetID = 446840EE26074CEC00968812;
					};
					4468410F26074CED00968812 = {
						CreatedOnToolsVersion = 12.4;
						TestTargetID = 446840EE26074CEC00968812;
					};
				};
			};
			buildConfigurationList = 446840EA26074CEC00968812 /* Build configuration list for PBXProject "enums" */;
			compatibilityVersion = "Xcode 9.3";
			developmentRegion = en;
			hasScannedForEncodings = 0;
			knownRegions = (
				en,
				Base,
			);
			mainGroup = 446840E626074CEC00968812;
			productRefGroup = 446840F026074CEC00968812 /* Products */;
			projectDirPath = "";
			projectRoot = "";
			targets = (
				446840EE26074CEC00968812 /* enums */,
				4468410426074CED00968812 /* enumsTests */,
				4468410F26074CED00968812 /* enumsUITests */,
			);
		};
/* End PBXProject section */

/* Begin PBXResourcesBuildPhase section */
		446840ED26074CEC00968812 /* Resources */ = {
			isa = PBXResourcesBuildPhase;
			buildActionMask = 2147483647;
			files = (
				446840FF26074CED00968812 /* LaunchScreen.storyboard in Resources */,
				446840FC26074CED00968812 /* Assets.xcassets in Resources */,
				446840FA26074CEC00968812 /* Main.storyboard in Resources */,
			);
			runOnlyForDeploymentPostprocessing = 0;
		};
		4468410326074CED00968812 /* Resources */ = {
			isa = PBXResourcesBuildPhase;
			buildActionMask = 2147483647;
			files = (
			);
			runOnlyForDeploymentPostprocessing = 0;
		};
		4468410E26074CED00968812 /* Resources */ = {
			isa = PBXResourcesBuildPhase;
			buildActionMask = 2147483647;
			files = (
			);
			runOnlyForDeploymentPostprocessing = 0;
		};
/* End PBXResourcesBuildPhase section */

/* Begin PBXSourcesBuildPhase section */
		446840EB26074CEC00968812 /* Sources */ = {
			isa = PBXSourcesBuildPhase;
			buildActionMask = 2147483647;
			files = (
				446840F726074CEC00968812 /* ViewController.swift in Sources */,
				446840F326074CEC00968812 /* AppDelegate.swift in Sources */,
				446840F526074CEC00968812 /* SceneDelegate.swift in Sources */,
			);
			runOnlyForDeploymentPostprocessing = 0;
		};
		4468410126074CED00968812 /* Sources */ = {
			isa = PBXSourcesBuildPhase;
			buildActionMask = 2147483647;
			files = (
				4468410A26074CED00968812 /* enumsTests.swift in Sources */,
			);
			runOnlyForDeploymentPostprocessing = 0;
		};
		4468410C26074CED00968812 /* Sources */ = {
			isa = PBXSourcesBuildPhase;
			buildActionMask = 2147483647;
			files = (
				4468411526074CED00968812 /* enumsUITests.swift in Sources */,
			);
			runOnlyForDeploymentPostprocessing = 0;
		};
/* End PBXSourcesBuildPhase section */

/* Begin PBXTargetDependency section */
		4468410726074CED00968812 /* PBXTargetDependency */ = {
			isa = PBXTargetDependency;
			target = 446840EE26074CEC00968812 /* enums */;
			targetProxy = 4468410626074CED00968812 /* PBXContainerItemProxy */;
		};
		4468411226074CED00968812 /* PBXTargetDependency */ = {
			isa = PBXTargetDependency;
			target = 446840EE26074CEC00968812 /* enums */;
			targetProxy = 4468411126074CED00968812 /* PBXContainerItemProxy */;
		};
/* End PBXTargetDependency section */

/* Begin PBXVariantGroup section */
		446840F826074CEC00968812 /* Main.storyboard */ = {
			isa = PBXVariantGroup;
			children = (
				446840F926074CEC00968812 /* Base */,
			);
			name = Main.storyboard;
			sourceTree = "<group>";
		};
		446840FD26074CED00968812 /* LaunchScreen.storyboard */ = {
			isa = PBXVariantGroup;
			children = (
				446840FE26074CED00968812 /* Base */,
			);
			name = LaunchScreen.storyboard;
			sourceTree = "<group>";
		};
/* End PBXVariantGroup section */

/* Begin XCBuildConfiguration section */
		4468411726074CED00968812 /* Debug */ = {
			isa = XCBuildConfiguration;
			buildSettings = {
				ALWAYS_SEARCH_USER_PATHS = NO;
				CLANG_ANALYZER_NONNULL = YES;
				CLANG_ANALYZER_NUMBER_OBJECT_CONVERSION = YES_AGGRESSIVE;
				CLANG_CXX_LANGUAGE_STANDARD = "gnu++14";
				CLANG_CXX_LIBRARY = "libc++";
				CLANG_ENABLE_MODULES = YES;
				CLANG_ENABLE_OBJC_ARC = YES;
				CLANG_ENABLE_OBJC_WEAK = YES;
				CLANG_WARN_BLOCK_CAPTURE_AUTORELEASING = YES;
				CLANG_WARN_BOOL_CONVERSION = YES;
				CLANG_WARN_COMMA = YES;
				CLANG_WARN_CONSTANT_CONVERSION = YES;
				CLANG_WARN_DEPRECATED_OBJC_IMPLEMENTATIONS = YES;
				CLANG_WARN_DIRECT_OBJC_ISA_USAGE = YES_ERROR;
				CLANG_WARN_DOCUMENTATION_COMMENTS = YES;
				CLANG_WARN_EMPTY_BODY = YES;
				CLANG_WARN_ENUM_CONVERSION = YES;
				CLANG_WARN_INFINITE_RECURSION = YES;
				CLANG_WARN_INT_CONVERSION = YES;
				CLANG_WARN_NON_LITERAL_NULL_CONVERSION = YES;
				CLANG_WARN_OBJC_IMPLICIT_RETAIN_SELF = YES;
				CLANG_WARN_OBJC_LITERAL_CONVERSION = YES;
				CLANG_WARN_OBJC_ROOT_CLASS = YES_ERROR;
				CLANG_WARN_QUOTED_INCLUDE_IN_FRAMEWORK_HEADER = YES;
				CLANG_WARN_RANGE_LOOP_ANALYSIS = YES;
				CLANG_WARN_STRICT_PROTOTYPES = YES;
				CLANG_WARN_SUSPICIOUS_MOVE = YES;
				CLANG_WARN_UNGUARDED_AVAILABILITY = YES_AGGRESSIVE;
				CLANG_WARN_UNREACHABLE_CODE = YES;
				CLANG_WARN__DUPLICATE_METHOD_MATCH = YES;
				COPY_PHASE_STRIP = NO;
				DEBUG_INFORMATION_FORMAT = dwarf;
				ENABLE_STRICT_OBJC_MSGSEND = YES;
				ENABLE_TESTABILITY = YES;
				GCC_C_LANGUAGE_STANDARD = gnu11;
				GCC_DYNAMIC_NO_PIC = NO;
				GCC_NO_COMMON_BLOCKS = YES;
				GCC_OPTIMIZATION_LEVEL = 0;
				GCC_PREPROCESSOR_DEFINITIONS = (
					"DEBUG=1",
					"$(inherited)",
				);
				GCC_WARN_64_TO_32_BIT_CONVERSION = YES;
				GCC_WARN_ABOUT_RETURN_TYPE = YES_ERROR;
				GCC_WARN_UNDECLARED_SELECTOR = YES;
				GCC_WARN_UNINITIALIZED_AUTOS = YES_AGGRESSIVE;
				GCC_WARN_UNUSED_FUNCTION = YES;
				GCC_WARN_UNUSED_VARIABLE = YES;
				IPHONEOS_DEPLOYMENT_TARGET = 14.4;
				MTL_ENABLE_DEBUG_INFO = INCLUDE_SOURCE;
				MTL_FAST_MATH = YES;
				ONLY_ACTIVE_ARCH = YES;
				SDKROOT = iphoneos;
				SWIFT_ACTIVE_COMPILATION_CONDITIONS = DEBUG;
				SWIFT_OPTIMIZATION_LEVEL = "-Onone";
			};
			name = Debug;
		};
		4468411826074CED00968812 /* Release */ = {
			isa = XCBuildConfiguration;
			buildSettings = {
				ALWAYS_SEARCH_USER_PATHS = NO;
				CLANG_ANALYZER_NONNULL = YES;
				CLANG_ANALYZER_NUMBER_OBJECT_CONVERSION = YES_AGGRESSIVE;
				CLANG_CXX_LANGUAGE_STANDARD = "gnu++14";
				CLANG_CXX_LIBRARY = "libc++";
				CLANG_ENABLE_MODULES = YES;
				CLANG_ENABLE_OBJC_ARC = YES;
				CLANG_ENABLE_OBJC_WEAK = YES;
				CLANG_WARN_BLOCK_CAPTURE_AUTORELEASING = YES;
				CLANG_WARN_BOOL_CONVERSION = YES;
				CLANG_WARN_COMMA = YES;
				CLANG_WARN_CONSTANT_CONVERSION = YES;
				CLANG_WARN_DEPRECATED_OBJC_IMPLEMENTATIONS = YES;
				CLANG_WARN_DIRECT_OBJC_ISA_USAGE = YES_ERROR;
				CLANG_WARN_DOCUMENTATION_COMMENTS = YES;
				CLANG_WARN_EMPTY_BODY = YES;
				CLANG_WARN_ENUM_CONVERSION = YES;
				CLANG_WARN_INFINITE_RECURSION = YES;
				CLANG_WARN_INT_CONVERSION = YES;
				CLANG_WARN_NON_LITERAL_NULL_CONVERSION = YES;
				CLANG_WARN_OBJC_IMPLICIT_RETAIN_SELF = YES;
				CLANG_WARN_OBJC_LITERAL_CONVERSION = YES;
				CLANG_WARN_OBJC_ROOT_CLASS = YES_ERROR;
				CLANG_WARN_QUOTED_INCLUDE_IN_FRAMEWORK_HEADER = YES;
				CLANG_WARN_RANGE_LOOP_ANALYSIS = YES;
				CLANG_WARN_STRICT_PROTOTYPES = YES;
				CLANG_WARN_SUSPICIOUS_MOVE = YES;
				CLANG_WARN_UNGUARDED_AVAILABILITY = YES_AGGRESSIVE;
				CLANG_WARN_UNREACHABLE_CODE = YES;
				CLANG_WARN__DUPLICATE_METHOD_MATCH = YES;
				COPY_PHASE_STRIP = NO;
				DEBUG_INFORMATION_FORMAT = "dwarf-with-dsym";
				ENABLE_NS_ASSERTIONS = NO;
				ENABLE_STRICT_OBJC_MSGSEND = YES;
				GCC_C_LANGUAGE_STANDARD = gnu11;
				GCC_NO_COMMON_BLOCKS = YES;
				GCC_WARN_64_TO_32_BIT_CONVERSION = YES;
				GCC_WARN_ABOUT_RETURN_TYPE = YES_ERROR;
				GCC_WARN_UNDECLARED_SELECTOR = YES;
				GCC_WARN_UNINITIALIZED_AUTOS = YES_AGGRESSIVE;
				GCC_WARN_UNUSED_FUNCTION = YES;
				GCC_WARN_UNUSED_VARIABLE = YES;
				IPHONEOS_DEPLOYMENT_TARGET = 14.4;
				MTL_ENABLE_DEBUG_INFO = NO;
				MTL_FAST_MATH = YES;
				SDKROOT = iphoneos;
				SWIFT_COMPILATION_MODE = wholemodule;
				SWIFT_OPTIMIZATION_LEVEL = "-O";
				VALIDATE_PRODUCT = YES;
			};
			name = Release;
		};
		4468411A26074CED00968812 /* Debug */ = {
			isa = XCBuildConfiguration;
			buildSettings = {
				ASSETCATALOG_COMPILER_APPICON_NAME = AppIcon;
				ASSETCATALOG_COMPILER_GLOBAL_ACCENT_COLOR_NAME = AccentColor;
				CODE_SIGN_STYLE = Automatic;
				INFOPLIST_FILE = enums/Info.plist;
				LD_RUNPATH_SEARCH_PATHS = (
					"$(inherited)",
					"@executable_path/Frameworks",
				);
				PRODUCT_BUNDLE_IDENTIFIER = com.getweys.enums;
				PRODUCT_NAME = "$(TARGET_NAME)";
				SWIFT_VERSION = 5.0;
				TARGETED_DEVICE_FAMILY = "1,2";
			};
			name = Debug;
		};
		4468411B26074CED00968812 /* Release */ = {
			isa = XCBuildConfiguration;
			buildSettings = {
				ASSETCATALOG_COMPILER_APPICON_NAME = AppIcon;
				ASSETCATALOG_COMPILER_GLOBAL_ACCENT_COLOR_NAME = AccentColor;
				CODE_SIGN_STYLE = Automatic;
				INFOPLIST_FILE = enums/Info.plist;
				LD_RUNPATH_SEARCH_PATHS = (
					"$(inherited)",
					"@executable_path/Frameworks",
				);
				PRODUCT_BUNDLE_IDENTIFIER = com.getweys.enums;
				PRODUCT_NAME = "$(TARGET_NAME)";
				SWIFT_VERSION = 5.0;
				TARGETED_DEVICE_FAMILY = "1,2";
			};
			name = Release;
		};
		4468411D26074CED00968812 /* Debug */ = {
			isa = XCBuildConfiguration;
			buildSettings = {
				ALWAYS_EMBED_SWIFT_STANDARD_LIBRARIES = YES;
				BUNDLE_LOADER = "$(TEST_HOST)";
				CODE_SIGN_STYLE = Automatic;
				INFOPLIST_FILE = enumsTests/Info.plist;
				IPHONEOS_DEPLOYMENT_TARGET = 14.4;
				LD_RUNPATH_SEARCH_PATHS = (
					"$(inherited)",
					"@executable_path/Frameworks",
					"@loader_path/Frameworks",
				);
				PRODUCT_BUNDLE_IDENTIFIER = com.getweys.enumsTests;
				PRODUCT_NAME = "$(TARGET_NAME)";
				SWIFT_VERSION = 5.0;
				TARGETED_DEVICE_FAMILY = "1,2";
				TEST_HOST = "$(BUILT_PRODUCTS_DIR)/enums.app/enums";
			};
			name = Debug;
		};
		4468411E26074CED00968812 /* Release */ = {
			isa = XCBuildConfiguration;
			buildSettings = {
				ALWAYS_EMBED_SWIFT_STANDARD_LIBRARIES = YES;
				BUNDLE_LOADER = "$(TEST_HOST)";
				CODE_SIGN_STYLE = Automatic;
				INFOPLIST_FILE = enumsTests/Info.plist;
				IPHONEOS_DEPLOYMENT_TARGET = 14.4;
				LD_RUNPATH_SEARCH_PATHS = (
					"$(inherited)",
					"@executable_path/Frameworks",
					"@loader_path/Frameworks",
				);
				PRODUCT_BUNDLE_IDENTIFIER = com.getweys.enumsTests;
				PRODUCT_NAME = "$(TARGET_NAME)";
				SWIFT_VERSION = 5.0;
				TARGETED_DEVICE_FAMILY = "1,2";
				TEST_HOST = "$(BUILT_PRODUCTS_DIR)/enums.app/enums";
			};
			name = Release;
		};
		4468412026074CED00968812 /* Debug */ = {
			isa = XCBuildConfiguration;
			buildSettings = {
				ALWAYS_EMBED_SWIFT_STANDARD_LIBRARIES = YES;
				CODE_SIGN_STYLE = Automatic;
				INFOPLIST_FILE = enumsUITests/Info.plist;
				LD_RUNPATH_SEARCH_PATHS = (
					"$(inherited)",
					"@executable_path/Frameworks",
					"@loader_path/Frameworks",
				);
				PRODUCT_BUNDLE_IDENTIFIER = com.getweys.enumsUITests;
				PRODUCT_NAME = "$(TARGET_NAME)";
				SWIFT_VERSION = 5.0;
				TARGETED_DEVICE_FAMILY = "1,2";
				TEST_TARGET_NAME = enums;
			};
			name = Debug;
		};
		4468412126074CED00968812 /* Release */ = {
			isa = XCBuildConfiguration;
			buildSettings = {
				ALWAYS_EMBED_SWIFT_STANDARD_LIBRARIES = YES;
				CODE_SIGN_STYLE = Automatic;
				INFOPLIST_FILE = enumsUITests/Info.plist;
				LD_RUNPATH_SEARCH_PATHS = (
					"$(inherited)",
					"@executable_path/Frameworks",
					"@loader_path/Frameworks",
				);
				PRODUCT_BUNDLE_IDENTIFIER = com.getweys.enumsUITests;
				PRODUCT_NAME = "$(TARGET_NAME)";
				SWIFT_VERSION = 5.0;
				TARGETED_DEVICE_FAMILY = "1,2";
				TEST_TARGET_NAME = enums;
			};
			name = Release;
		};
/* End XCBuildConfiguration section */

/* Begin XCConfigurationList section */
		446840EA26074CEC00968812 /* Build configuration list for PBXProject "enums" */ = {
			isa = XCConfigurationList;
			buildConfigurations = (
				4468411726074CED00968812 /* Debug */,
				4468411826074CED00968812 /* Release */,
			);
			defaultConfigurationIsVisible = 0;
			defaultConfigurationName = Release;
		};
		4468411926074CED00968812 /* Build configuration list for PBXNativeTarget "enums" */ = {
			isa = XCConfigurationList;
			buildConfigurations = (
				4468411A26074CED00968812 /* Debug */,
				4468411B26074CED00968812 /* Release */,
			);
			defaultConfigurationIsVisible = 0;
			defaultConfigurationName = Release;
		};
		4468411C26074CED00968812 /* Build configuration list for PBXNativeTarget "enumsTests" */ = {
			isa = XCConfigurationList;
			buildConfigurations = (
				4468411D26074CED00968812 /* Debug */,
				4468411E26074CED00968812 /* Release */,
			);
			defaultConfigurationIsVisible = 0;
			defaultConfigurationName = Release;
		};
		4468411F26074CED00968812 /* Build configuration list for PBXNativeTarget "enumsUITests" */ = {
			isa = XCConfigurationList;
			buildConfigurations = (
				4468412026074CED00968812 /* Debug */,
				4468412126074CED00968812 /* Release */,
			);
			defaultConfigurationIsVisible = 0;
			defaultConfigurationName = Release;
		};
/* End XCConfigurationList section */
	};
	rootObject = 446840E726074CEC00968812 /* Project object */;
}
